{
  "name": "BetterCS",
  "version": "1.0.0",
  "lockfileVersion": 3,
  "requires": true,
  "packages": {
    "": {
      "name": "BetterCS",
      "version": "1.0.0",
      "license": "GPL-2.0-only",
      "dependencies": {
        "vanjs-core": "^1.6.1"
      }
    },
    "node_modules/vanjs-core": {
      "version": "1.6.1",
      "resolved": "https://registry.npmjs.org/vanjs-core/-/vanjs-core-1.6.1.tgz",
      "integrity": "sha512-CPUteb4/iW3hB7TLTKI9A9YMRTAQFpPz5n1/+vfnPxNs2wOI9HvSg6K3B/9x+uycX8eefqopBcakr2vJeHgIgw==",
      "license": "MIT"
    }
  }
}
